
Microsoft Visual Studio Solution File, Format Version 12.00
# Visual Studio Version 17
VisualStudioVersion = 17.0.31903.59
MinimumVisualStudioVersion = 10.0.40219.1
Project("{FAE04EC0-301F-11D3-BF4B-00C04F79EFBC}") = "FinanceManager.Api", "FinanceManager.Api\FinanceManager.Api.csproj", "{C88C1B7E-0BBD-4387-A63F-DB56C6800CA0}"
EndProject
Project("{FAE04EC0-301F-11D3-BF4B-00C04F79EFBC}") = "FinanceManager.Domain", "FinanceManager.Domain\FinanceManager.Domain.csproj", "{660DFDEF-8C7C-42E4-ADA4-2FFBCA6CB778}"
EndProject
Project("{FAE04EC0-301F-11D3-BF4B-00C04F79EFBC}") = "FinanceManager.Application", "FinanceManager.Application\FinanceManager.Application.csproj", "{70054365-5662-4818-A7CD-A0377C69D85C}"
EndProject
Project("{FAE04EC0-301F-11D3-BF4B-00C04F79EFBC}") = "FinanceManager.Infrastructure", "FinanceManager.Infrastructure\FinanceManager.Infrastructure.csproj", "{C6A377F6-BDB3-4145-B057-56EDE9B48F1A}"
EndProject
Project("{FAE04EC0-301F-11D3-BF4B-00C04F79EFBC}") = "FinanceManager.Persistence", "FinanceManager.Persistence\FinanceManager.Persistence.csproj", "{10769D23-21BD-44D0-A514-EEFB77900451}"
EndProject
Project("{FAE04EC0-301F-11D3-BF4B-00C04F79EFBC}") = "FinanceManager.Application.Tests", "..\tests\FinanceManager.Application.Tests\FinanceManager.Application.Tests.csproj", "{67112C41-CD94-4141-AE4A-27DB7F4E6471}"
EndProject
Project("{FAE04EC0-301F-11D3-BF4B-00C04F79EFBC}") = "FinanceManager.Api.Tests", "..\tests\FinanceManager.Api.Tests\FinanceManager.Api.Tests.csproj", "{CAB9D5A3-21BD-4D32-8C38-19FFAA41365B}"
EndProject
Project("{FAE04EC0-301F-11D3-BF4B-00C04F79EFBC}") = "FinanceManager.TestUtilities", "..\tests\FinanceManager.TestUtilities\FinanceManager.TestUtilities.csproj", "{0DE5462D-A1F8-47E4-B15B-70B6F5A5663E}"
EndProject
Project("{2150E333-8FDC-42A3-9474-1A3956D46DE8}") = "0. Application", "0. Application", "{2FB0850F-5524-43C9-A980-7D1626A928EC}"
EndProject
Project("{2150E333-8FDC-42A3-9474-1A3956D46DE8}") = "1. Testing", "1. Testing", "{82A6F179-B104-45D2-B5CA-4D1AB17A67DB}"
EndProject
Global
	GlobalSection(SolutionConfigurationPlatforms) = preSolution
		Debug|Any CPU = Debug|Any CPU
		Debug|x64 = Debug|x64
		Debug|x86 = Debug|x86
		Release|Any CPU = Release|Any CPU
		Release|x64 = Release|x64
		Release|x86 = Release|x86
	EndGlobalSection
	GlobalSection(ProjectConfigurationPlatforms) = postSolution
		{C88C1B7E-0BBD-4387-A63F-DB56C6800CA0}.Debug|Any CPU.ActiveCfg = Debug|Any CPU
		{C88C1B7E-0BBD-4387-A63F-DB56C6800CA0}.Debug|Any CPU.Build.0 = Debug|Any CPU
		{C88C1B7E-0BBD-4387-A63F-DB56C6800CA0}.Debug|x64.ActiveCfg = Debug|Any CPU
		{C88C1B7E-0BBD-4387-A63F-DB56C6800CA0}.Debug|x64.Build.0 = Debug|Any CPU
		{C88C1B7E-0BBD-4387-A63F-DB56C6800CA0}.Debug|x86.ActiveCfg = Debug|Any CPU
		{C88C1B7E-0BBD-4387-A63F-DB56C6800CA0}.Debug|x86.Build.0 = Debug|Any CPU
		{C88C1B7E-0BBD-4387-A63F-DB56C6800CA0}.Release|Any CPU.ActiveCfg = Release|Any CPU
		{C88C1B7E-0BBD-4387-A63F-DB56C6800CA0}.Release|Any CPU.Build.0 = Release|Any CPU
		{C88C1B7E-0BBD-4387-A63F-DB56C6800CA0}.Release|x64.ActiveCfg = Release|Any CPU
		{C88C1B7E-0BBD-4387-A63F-DB56C6800CA0}.Release|x64.Build.0 = Release|Any CPU
		{C88C1B7E-0BBD-4387-A63F-DB56C6800CA0}.Release|x86.ActiveCfg = Release|Any CPU
		{C88C1B7E-0BBD-4387-A63F-DB56C6800CA0}.Release|x86.Build.0 = Release|Any CPU
		{660DFDEF-8C7C-42E4-ADA4-2FFBCA6CB778}.Debug|Any CPU.ActiveCfg = Debug|Any CPU
		{660DFDEF-8C7C-42E4-ADA4-2FFBCA6CB778}.Debug|Any CPU.Build.0 = Debug|Any CPU
		{660DFDEF-8C7C-42E4-ADA4-2FFBCA6CB778}.Debug|x64.ActiveCfg = Debug|Any CPU
		{660DFDEF-8C7C-42E4-ADA4-2FFBCA6CB778}.Debug|x64.Build.0 = Debug|Any CPU
		{660DFDEF-8C7C-42E4-ADA4-2FFBCA6CB778}.Debug|x86.ActiveCfg = Debug|Any CPU
		{660DFDEF-8C7C-42E4-ADA4-2FFBCA6CB778}.Debug|x86.Build.0 = Debug|Any CPU
		{660DFDEF-8C7C-42E4-ADA4-2FFBCA6CB778}.Release|Any CPU.ActiveCfg = Release|Any CPU
		{660DFDEF-8C7C-42E4-ADA4-2FFBCA6CB778}.Release|Any CPU.Build.0 = Release|Any CPU
		{660DFDEF-8C7C-42E4-ADA4-2FFBCA6CB778}.Release|x64.ActiveCfg = Release|Any CPU
		{660DFDEF-8C7C-42E4-ADA4-2FFBCA6CB778}.Release|x64.Build.0 = Release|Any CPU
		{660DFDEF-8C7C-42E4-ADA4-2FFBCA6CB778}.Release|x86.ActiveCfg = Release|Any CPU
		{660DFDEF-8C7C-42E4-ADA4-2FFBCA6CB778}.Release|x86.Build.0 = Release|Any CPU
		{70054365-5662-4818-A7CD-A0377C69D85C}.Debug|Any CPU.ActiveCfg = Debug|Any CPU
		{70054365-5662-4818-A7CD-A0377C69D85C}.Debug|Any CPU.Build.0 = Debug|Any CPU
		{70054365-5662-4818-A7CD-A0377C69D85C}.Debug|x64.ActiveCfg = Debug|Any CPU
		{70054365-5662-4818-A7CD-A0377C69D85C}.Debug|x64.Build.0 = Debug|Any CPU
		{70054365-5662-4818-A7CD-A0377C69D85C}.Debug|x86.ActiveCfg = Debug|Any CPU
		{70054365-5662-4818-A7CD-A0377C69D85C}.Debug|x86.Build.0 = Debug|Any CPU
		{70054365-5662-4818-A7CD-A0377C69D85C}.Release|Any CPU.ActiveCfg = Release|Any CPU
		{70054365-5662-4818-A7CD-A0377C69D85C}.Release|Any CPU.Build.0 = Release|Any CPU
		{70054365-5662-4818-A7CD-A0377C69D85C}.Release|x64.ActiveCfg = Release|Any CPU
		{70054365-5662-4818-A7CD-A0377C69D85C}.Release|x64.Build.0 = Release|Any CPU
		{70054365-5662-4818-A7CD-A0377C69D85C}.Release|x86.ActiveCfg = Release|Any CPU
		{70054365-5662-4818-A7CD-A0377C69D85C}.Release|x86.Build.0 = Release|Any CPU
		{C6A377F6-BDB3-4145-B057-56EDE9B48F1A}.Debug|Any CPU.ActiveCfg = Debug|Any CPU
		{C6A377F6-BDB3-4145-B057-56EDE9B48F1A}.Debug|Any CPU.Build.0 = Debug|Any CPU
		{C6A377F6-BDB3-4145-B057-56EDE9B48F1A}.Debug|x64.ActiveCfg = Debug|Any CPU
		{C6A377F6-BDB3-4145-B057-56EDE9B48F1A}.Debug|x64.Build.0 = Debug|Any CPU
		{C6A377F6-BDB3-4145-B057-56EDE9B48F1A}.Debug|x86.ActiveCfg = Debug|Any CPU
		{C6A377F6-BDB3-4145-B057-56EDE9B48F1A}.Debug|x86.Build.0 = Debug|Any CPU
		{C6A377F6-BDB3-4145-B057-56EDE9B48F1A}.Release|Any CPU.ActiveCfg = Release|Any CPU
		{C6A377F6-BDB3-4145-B057-56EDE9B48F1A}.Release|Any CPU.Build.0 = Release|Any CPU
		{C6A377F6-BDB3-4145-B057-56EDE9B48F1A}.Release|x64.ActiveCfg = Release|Any CPU
		{C6A377F6-BDB3-4145-B057-56EDE9B48F1A}.Release|x64.Build.0 = Release|Any CPU
		{C6A377F6-BDB3-4145-B057-56EDE9B48F1A}.Release|x86.ActiveCfg = Release|Any CPU
		{C6A377F6-BDB3-4145-B057-56EDE9B48F1A}.Release|x86.Build.0 = Release|Any CPU
		{10769D23-21BD-44D0-A514-EEFB77900451}.Debug|Any CPU.ActiveCfg = Debug|Any CPU
		{10769D23-21BD-44D0-A514-EEFB77900451}.Debug|Any CPU.Build.0 = Debug|Any CPU
		{10769D23-21BD-44D0-A514-EEFB77900451}.Debug|x64.ActiveCfg = Debug|Any CPU
		{10769D23-21BD-44D0-A514-EEFB77900451}.Debug|x64.Build.0 = Debug|Any CPU
		{10769D23-21BD-44D0-A514-EEFB77900451}.Debug|x86.ActiveCfg = Debug|Any CPU
		{10769D23-21BD-44D0-A514-EEFB77900451}.Debug|x86.Build.0 = Debug|Any CPU
		{10769D23-21BD-44D0-A514-EEFB77900451}.Release|Any CPU.ActiveCfg = Release|Any CPU
		{10769D23-21BD-44D0-A514-EEFB77900451}.Release|Any CPU.Build.0 = Release|Any CPU
		{10769D23-21BD-44D0-A514-EEFB77900451}.Release|x64.ActiveCfg = Release|Any CPU
		{10769D23-21BD-44D0-A514-EEFB77900451}.Release|x64.Build.0 = Release|Any CPU
		{10769D23-21BD-44D0-A514-EEFB77900451}.Release|x86.ActiveCfg = Release|Any CPU
		{10769D23-21BD-44D0-A514-EEFB77900451}.Release|x86.Build.0 = Release|Any CPU
		{67112C41-CD94-4141-AE4A-27DB7F4E6471}.Debug|Any CPU.ActiveCfg = Debug|Any CPU
		{67112C41-CD94-4141-AE4A-27DB7F4E6471}.Debug|Any CPU.Build.0 = Debug|Any CPU
		{67112C41-CD94-4141-AE4A-27DB7F4E6471}.Debug|x64.ActiveCfg = Debug|Any CPU
		{67112C41-CD94-4141-AE4A-27DB7F4E6471}.Debug|x64.Build.0 = Debug|Any CPU
		{67112C41-CD94-4141-AE4A-27DB7F4E6471}.Debug|x86.ActiveCfg = Debug|Any CPU
		{67112C41-CD94-4141-AE4A-27DB7F4E6471}.Debug|x86.Build.0 = Debug|Any CPU
		{67112C41-CD94-4141-AE4A-27DB7F4E6471}.Release|Any CPU.ActiveCfg = Release|Any CPU
		{67112C41-CD94-4141-AE4A-27DB7F4E6471}.Release|Any CPU.Build.0 = Release|Any CPU
		{67112C41-CD94-4141-AE4A-27DB7F4E6471}.Release|x64.ActiveCfg = Release|Any CPU
		{67112C41-CD94-4141-AE4A-27DB7F4E6471}.Release|x64.Build.0 = Release|Any CPU
		{67112C41-CD94-4141-AE4A-27DB7F4E6471}.Release|x86.ActiveCfg = Release|Any CPU
		{67112C41-CD94-4141-AE4A-27DB7F4E6471}.Release|x86.Build.0 = Release|Any CPU
		{CAB9D5A3-21BD-4D32-8C38-19FFAA41365B}.Debug|Any CPU.ActiveCfg = Debug|Any CPU
		{CAB9D5A3-21BD-4D32-8C38-19FFAA41365B}.Debug|Any CPU.Build.0 = Debug|Any CPU
		{CAB9D5A3-21BD-4D32-8C38-19FFAA41365B}.Debug|x64.ActiveCfg = Debug|Any CPU
		{CAB9D5A3-21BD-4D32-8C38-19FFAA41365B}.Debug|x64.Build.0 = Debug|Any CPU
		{CAB9D5A3-21BD-4D32-8C38-19FFAA41365B}.Debug|x86.ActiveCfg = Debug|Any CPU
		{CAB9D5A3-21BD-4D32-8C38-19FFAA41365B}.Debug|x86.Build.0 = Debug|Any CPU
		{CAB9D5A3-21BD-4D32-8C38-19FFAA41365B}.Release|Any CPU.ActiveCfg = Release|Any CPU
		{CAB9D5A3-21BD-4D32-8C38-19FFAA41365B}.Release|Any CPU.Build.0 = Release|Any CPU
		{CAB9D5A3-21BD-4D32-8C38-19FFAA41365B}.Release|x64.ActiveCfg = Release|Any CPU
		{CAB9D5A3-21BD-4D32-8C38-19FFAA41365B}.Release|x64.Build.0 = Release|Any CPU
		{CAB9D5A3-21BD-4D32-8C38-19FFAA41365B}.Release|x86.ActiveCfg = Release|Any CPU
		{CAB9D5A3-21BD-4D32-8C38-19FFAA41365B}.Release|x86.Build.0 = Release|Any CPU
		{0DE5462D-A1F8-47E4-B15B-70B6F5A5663E}.Debug|Any CPU.ActiveCfg = Debug|Any CPU
		{0DE5462D-A1F8-47E4-B15B-70B6F5A5663E}.Debug|Any CPU.Build.0 = Debug|Any CPU
		{0DE5462D-A1F8-47E4-B15B-70B6F5A5663E}.Debug|x64.ActiveCfg = Debug|Any CPU
		{0DE5462D-A1F8-47E4-B15B-70B6F5A5663E}.Debug|x64.Build.0 = Debug|Any CPU
		{0DE5462D-A1F8-47E4-B15B-70B6F5A5663E}.Debug|x86.ActiveCfg = Debug|Any CPU
		{0DE5462D-A1F8-47E4-B15B-70B6F5A5663E}.Debug|x86.Build.0 = Debug|Any CPU
		{0DE5462D-A1F8-47E4-B15B-70B6F5A5663E}.Release|Any CPU.ActiveCfg = Release|Any CPU
		{0DE5462D-A1F8-47E4-B15B-70B6F5A5663E}.Release|Any CPU.Build.0 = Release|Any CPU
		{0DE5462D-A1F8-47E4-B15B-70B6F5A5663E}.Release|x64.ActiveCfg = Release|Any CPU
		{0DE5462D-A1F8-47E4-B15B-70B6F5A5663E}.Release|x64.Build.0 = Release|Any CPU
		{0DE5462D-A1F8-47E4-B15B-70B6F5A5663E}.Release|x86.ActiveCfg = Release|Any CPU
		{0DE5462D-A1F8-47E4-B15B-70B6F5A5663E}.Release|x86.Build.0 = Release|Any CPU
	EndGlobalSection
	GlobalSection(SolutionProperties) = preSolution
		HideSolutionNode = FALSE
	EndGlobalSection
	GlobalSection(NestedProjects) = preSolution
		{C88C1B7E-0BBD-4387-A63F-DB56C6800CA0} = {2FB0850F-5524-43C9-A980-7D1626A928EC}
		{70054365-5662-4818-A7CD-A0377C69D85C} = {2FB0850F-5524-43C9-A980-7D1626A928EC}
		{660DFDEF-8C7C-42E4-ADA4-2FFBCA6CB778} = {2FB0850F-5524-43C9-A980-7D1626A928EC}
		{C6A377F6-BDB3-4145-B057-56EDE9B48F1A} = {2FB0850F-5524-43C9-A980-7D1626A928EC}
		{10769D23-21BD-44D0-A514-EEFB77900451} = {2FB0850F-5524-43C9-A980-7D1626A928EC}
		{CAB9D5A3-21BD-4D32-8C38-19FFAA41365B} = {82A6F179-B104-45D2-B5CA-4D1AB17A67DB}
		{67112C41-CD94-4141-AE4A-27DB7F4E6471} = {82A6F179-B104-45D2-B5CA-4D1AB17A67DB}
		{0DE5462D-A1F8-47E4-B15B-70B6F5A5663E} = {82A6F179-B104-45D2-B5CA-4D1AB17A67DB}
	EndGlobalSection
EndGlobal
